
Microsoft Visual Studio Solution File, Format Version 12.00
# Visual Studio Version 16
VisualStudioVersion = 16.0.31410.357
MinimumVisualStudioVersion = 10.0.40219.1
Project("{FAE04EC0-301F-11D3-BF4B-00C04F79EFBC}") = "Project_POO", "Project_POO.csproj", "{97282A7D-5295-4F22-9C16-81EC44BD028B}"
EndProject
Global
	GlobalSection(SolutionConfigurationPlatforms) = preSolution
		Debug|Any CPU = Debug|Any CPU
		Release|Any CPU = Release|Any CPU
	EndGlobalSection
	GlobalSection(ProjectConfigurationPlatforms) = postSolution
		{97282A7D-5295-4F22-9C16-81EC44BD028B}.Debug|Any CPU.ActiveCfg = Debug|Any CPU
		{97282A7D-5295-4F22-9C16-81EC44BD028B}.Debug|Any CPU.Build.0 = Debug|Any CPU
		{97282A7D-5295-4F22-9C16-81EC44BD028B}.Release|Any CPU.ActiveCfg = Release|Any CPU
		{97282A7D-5295-4F22-9C16-81EC44BD028B}.Release|Any CPU.Build.0 = Release|Any CPU
	EndGlobalSection
	GlobalSection(SolutionProperties) = preSolution
		HideSolutionNode = FALSE
	EndGlobalSection
	GlobalSection(ExtensibilityGlobals) = postSolution
		SolutionGuid = {5E8181F8-AE30-491B-A9FB-9C8219B32C2B}
	EndGlobalSection
EndGlobal
